
Microsoft Visual Studio Solution File, Format Version 12.00
# Visual Studio Version 17
VisualStudioVersion = 17.2.32630.192
MinimumVisualStudioVersion = 10.0.40219.1
Project("{9A19103F-16F7-4668-BE54-9A1E7A4F7556}") = "MMORpgmaker Client", "Client\MMORpgmaker Client.csproj", "{FFA63425-5319-4C47-81CA-B55489B5525B}"
EndProject
Project("{9A19103F-16F7-4668-BE54-9A1E7A4F7556}") = "MMORpgmaker Server", "Server\MMORpgmaker Server.csproj", "{6D443DFB-06C0-4AA1-AF1A-62FFDB7939A2}"
EndProject
Project("{9A19103F-16F7-4668-BE54-9A1E7A4F7556}") = "Packet", "Packet\Packet.csproj", "{34326A31-AFC9-4E91-84F1-01BE0E26EC73}"
EndProject
Global
	GlobalSection(SolutionConfigurationPlatforms) = preSolution
		Debug|Any CPU = Debug|Any CPU
		Release|Any CPU = Release|Any CPU
	EndGlobalSection
	GlobalSection(ProjectConfigurationPlatforms) = postSolution
		{FFA63425-5319-4C47-81CA-B55489B5525B}.Debug|Any CPU.ActiveCfg = Debug|Any CPU
		{FFA63425-5319-4C47-81CA-B55489B5525B}.Debug|Any CPU.Build.0 = Debug|Any CPU
		{FFA63425-5319-4C47-81CA-B55489B5525B}.Release|Any CPU.ActiveCfg = Release|Any CPU
		{FFA63425-5319-4C47-81CA-B55489B5525B}.Release|Any CPU.Build.0 = Release|Any CPU
		{6D443DFB-06C0-4AA1-AF1A-62FFDB7939A2}.Debug|Any CPU.ActiveCfg = Debug|Any CPU
		{6D443DFB-06C0-4AA1-AF1A-62FFDB7939A2}.Debug|Any CPU.Build.0 = Debug|Any CPU
		{6D443DFB-06C0-4AA1-AF1A-62FFDB7939A2}.Release|Any CPU.ActiveCfg = Release|Any CPU
		{6D443DFB-06C0-4AA1-AF1A-62FFDB7939A2}.Release|Any CPU.Build.0 = Release|Any CPU
		{34326A31-AFC9-4E91-84F1-01BE0E26EC73}.Debug|Any CPU.ActiveCfg = Debug|Any CPU
		{34326A31-AFC9-4E91-84F1-01BE0E26EC73}.Debug|Any CPU.Build.0 = Debug|Any CPU
		{34326A31-AFC9-4E91-84F1-01BE0E26EC73}.Release|Any CPU.ActiveCfg = Release|Any CPU
		{34326A31-AFC9-4E91-84F1-01BE0E26EC73}.Release|Any CPU.Build.0 = Release|Any CPU
	EndGlobalSection
	GlobalSection(SolutionProperties) = preSolution
		HideSolutionNode = FALSE
	EndGlobalSection
	GlobalSection(ExtensibilityGlobals) = postSolution
		SolutionGuid = {F1571BAA-5E35-42E8-9FB0-D8B18845054A}
	EndGlobalSection
EndGlobal
